// !$*UTF8*$!
{
	archiveVersion = 1;
	classes = {
	};
	objectVersion = 46;
	objects = {

/* Begin PBXBuildFile section */
		A5089AFD153D1A9900865F53 /* UIKit.framework in Frameworks */ = {isa = PBXBuildFile; fileRef = A5089AFC153D1A9900865F53 /* UIKit.framework */; };
		A5089AFF153D1A9900865F53 /* Foundation.framework in Frameworks */ = {isa = PBXBuildFile; fileRef = A5089AFE153D1A9900865F53 /* Foundation.framework */; };
		A5089B01153D1A9900865F53 /* CoreGraphics.framework in Frameworks */ = {isa = PBXBuildFile; fileRef = A5089B00153D1A9900865F53 /* CoreGraphics.framework */; };
		A5089B09153D1A9900865F53 /* InfoPlist.strings in Resources */ = {isa = PBXBuildFile; fileRef = A5089B07153D1A9900865F53 /* InfoPlist.strings */; };
		A5089B0C153D1A9900865F53 /* main.m in Sources */ = {isa = PBXBuildFile; fileRef = A5089B0B153D1A9900865F53 /* main.m */; };
		A5089B0F153D1A9900865F53 /* GeolocationAppDelegate.m in Sources */ = {isa = PBXBuildFile; fileRef = A5089B0E153D1A9900865F53 /* GeolocationAppDelegate.m */; };
		A5089B12153D1A9900865F53 /* MainWindow.xib in Resources */ = {isa = PBXBuildFile; fileRef = A5089B10153D1A9900865F53 /* MainWindow.xib */; };
		A5089B15153D1A9900865F53 /* Geolocation.xcdatamodeld in Sources */ = {isa = PBXBuildFile; fileRef = A5089B13153D1A9900865F53 /* Geolocation.xcdatamodeld */; };
		A5089B1D153D1AB100865F53 /* RootViewController.m in Sources */ = {isa = PBXBuildFile; fileRef = A5089B1C153D1AB100865F53 /* RootViewController.m */; };
		A50D22D7153E7E8800C5AA0D /* NewRecordViewController.m in Sources */ = {isa = PBXBuildFile; fileRef = A50D22D6153E7E8800C5AA0D /* NewRecordViewController.m */; };
		A50D22DC153E80BF00C5AA0D /* NSString+Encode.m in Sources */ = {isa = PBXBuildFile; fileRef = A50D22DB153E80BF00C5AA0D /* NSString+Encode.m */; };
		A50D22DF153E80EB00C5AA0D /* NewCoordinateViewController.m in Sources */ = {isa = PBXBuildFile; fileRef = A50D22DE153E80EB00C5AA0D /* NewCoordinateViewController.m */; };
		A5163356153D1E3E00813C89 /* AllViewController.m in Sources */ = {isa = PBXBuildFile; fileRef = A5163355153D1E3E00813C89 /* AllViewController.m */; };
		A516335A153D1E6E00813C89 /* FoodViewController.m in Sources */ = {isa = PBXBuildFile; fileRef = A5163359153D1E6E00813C89 /* FoodViewController.m */; };
		A516335D153D1E9A00813C89 /* ShopViewController.m in Sources */ = {isa = PBXBuildFile; fileRef = A516335C153D1E9A00813C89 /* ShopViewController.m */; };
		A5163360153D1EBC00813C89 /* SightseeingViewController.m in Sources */ = {isa = PBXBuildFile; fileRef = A516335F153D1EBC00813C89 /* SightseeingViewController.m */; };
		A5163363153D1EDE00813C89 /* BarViewController.m in Sources */ = {isa = PBXBuildFile; fileRef = A5163362153D1EDE00813C89 /* BarViewController.m */; };
		A516336A153D1FFB00813C89 /* icon-bar.png in Resources */ = {isa = PBXBuildFile; fileRef = A5163365153D1FFB00813C89 /* icon-bar.png */; };
		A516336B153D1FFB00813C89 /* icon-food.png in Resources */ = {isa = PBXBuildFile; fileRef = A5163366153D1FFB00813C89 /* icon-food.png */; };
		A516336C153D1FFB00813C89 /* icon-shop.png in Resources */ = {isa = PBXBuildFile; fileRef = A5163367153D1FFB00813C89 /* icon-shop.png */; };
		A516336D153D1FFB00813C89 /* icon-sightseeing.png in Resources */ = {isa = PBXBuildFile; fileRef = A5163368153D1FFB00813C89 /* icon-sightseeing.png */; };
		A516336E153D1FFB00813C89 /* juno.png in Resources */ = {isa = PBXBuildFile; fileRef = A5163369153D1FFB00813C89 /* juno.png */; };
		A5163377153D263800813C89 /* DetailViewController.m in Sources */ = {isa = PBXBuildFile; fileRef = A5163376153D263800813C89 /* DetailViewController.m */; };
		A5163391153D442800813C89 /* MapKit.framework in Frameworks */ = {isa = PBXBuildFile; fileRef = A5163390153D442800813C89 /* MapKit.framework */; };
		A5163393153D443400813C89 /* QuartzCore.framework in Frameworks */ = {isa = PBXBuildFile; fileRef = A5163392153D443300813C89 /* QuartzCore.framework */; };
		A5163395153D44AD00813C89 /* CoreLocation.framework in Frameworks */ = {isa = PBXBuildFile; fileRef = A5163394153D44AD00813C89 /* CoreLocation.framework */; };
		A5163397153D44F600813C89 /* CoreData.framework in Frameworks */ = {isa = PBXBuildFile; fileRef = A5163396153D44F600813C89 /* CoreData.framework */; };
		A516339B153D471700813C89 /* GlobalData.m in Sources */ = {isa = PBXBuildFile; fileRef = A516339A153D471700813C89 /* GlobalData.m */; };
		A516339F153D477200813C89 /* Records.m in Sources */ = {isa = PBXBuildFile; fileRef = A516339E153D477200813C89 /* Records.m */; };
		A51633AC153D480700813C89 /* NSObject+SBJSON.m in Sources */ = {isa = PBXBuildFile; fileRef = A51633A3153D480700813C89 /* NSObject+SBJSON.m */; };
		A51633AD153D480700813C89 /* NSString+SBJSON.m in Sources */ = {isa = PBXBuildFile; fileRef = A51633A5153D480700813C89 /* NSString+SBJSON.m */; };
		A51633AE153D480700813C89 /* SBJsonBase.m in Sources */ = {isa = PBXBuildFile; fileRef = A51633A7153D480700813C89 /* SBJsonBase.m */; };
		A51633AF153D480700813C89 /* SBJsonParser.m in Sources */ = {isa = PBXBuildFile; fileRef = A51633A9153D480700813C89 /* SBJsonParser.m */; };
		A51633B0153D480700813C89 /* SBJsonWriter.m in Sources */ = {isa = PBXBuildFile; fileRef = A51633AB153D480700813C89 /* SBJsonWriter.m */; };
		A51633BE153D676800813C89 /* NVPolylineAnnotation.m in Sources */ = {isa = PBXBuildFile; fileRef = A51633BB153D676800813C89 /* NVPolylineAnnotation.m */; };
		A51633BF153D676800813C89 /* NVPolylineAnnotationView.m in Sources */ = {isa = PBXBuildFile; fileRef = A51633BD153D676800813C89 /* NVPolylineAnnotationView.m */; };
		A51633C2153D678100813C89 /* RouteViewController.m in Sources */ = {isa = PBXBuildFile; fileRef = A51633C1153D678000813C89 /* RouteViewController.m */; };
		A51633C8153D681D00813C89 /* DDAnnotation.m in Sources */ = {isa = PBXBuildFile; fileRef = A51633C5153D681D00813C89 /* DDAnnotation.m */; };
		A51633C9153D681D00813C89 /* DDAnnotationView.m in Sources */ = {isa = PBXBuildFile; fileRef = A51633C7153D681D00813C89 /* DDAnnotationView.m */; };
		A51633D4153D733200813C89 /* FilterDistanceViewController.m in Sources */ = {isa = PBXBuildFile; fileRef = A51633D3153D733200813C89 /* FilterDistanceViewController.m */; };
/* End PBXBuildFile section */

/* Begin PBXFileReference section */
		A5089AF8153D1A9900865F53 /* Geolocation.app */ = {isa = PBXFileReference; explicitFileType = wrapper.application; includeInIndex = 0; path = Geolocation.app; sourceTree = BUILT_PRODUCTS_DIR; };
		A5089AFC153D1A9900865F53 /* UIKit.framework */ = {isa = PBXFileReference; lastKnownFileType = wrapper.framework; name = UIKit.framework; path = System/Library/Frameworks/UIKit.framework; sourceTree = SDKROOT; };
		A5089AFE153D1A9900865F53 /* Foundation.framework */ = {isa = PBXFileReference; lastKnownFileType = wrapper.framework; name = Foundation.framework; path = System/Library/Frameworks/Foundation.framework; sourceTree = SDKROOT; };
		A5089B00153D1A9900865F53 /* CoreGraphics.framework */ = {isa = PBXFileReference; lastKnownFileType = wrapper.framework; name = CoreGraphics.framework; path = System/Library/Frameworks/CoreGraphics.framework; sourceTree = SDKROOT; };
		A5089B02153D1A9900865F53 /* CoreData.framework */ = {isa = PBXFileReference; lastKnownFileType = wrapper.framework; name = CoreData.framework; path = System/Library/Frameworks/CoreData.framework; sourceTree = SDKROOT; };
		A5089B06153D1A9900865F53 /* Geolocation-Info.plist */ = {isa = PBXFileReference; lastKnownFileType = text.plist.xml; path = "Geolocation-Info.plist"; sourceTree = "<group>"; };
		A5089B08153D1A9900865F53 /* en */ = {isa = PBXFileReference; lastKnownFileType = text.plist.strings; name = en; path = en.lproj/InfoPlist.strings; sourceTree = "<group>"; };
		A5089B0A153D1A9900865F53 /* Geolocation-Prefix.pch */ = {isa = PBXFileReference; lastKnownFileType = sourcecode.c.h; path = "Geolocation-Prefix.pch"; sourceTree = "<group>"; };
		A5089B0B153D1A9900865F53 /* main.m */ = {isa = PBXFileReference; lastKnownFileType = sourcecode.c.objc; path = main.m; sourceTree = "<group>"; };
		A5089B0D153D1A9900865F53 /* GeolocationAppDelegate.h */ = {isa = PBXFileReference; lastKnownFileType = sourcecode.c.h; path = GeolocationAppDelegate.h; sourceTree = "<group>"; };
		A5089B0E153D1A9900865F53 /* GeolocationAppDelegate.m */ = {isa = PBXFileReference; lastKnownFileType = sourcecode.c.objc; path = GeolocationAppDelegate.m; sourceTree = "<group>"; };
		A5089B11153D1A9900865F53 /* en */ = {isa = PBXFileReference; lastKnownFileType = file.xib; name = en; path = en.lproj/MainWindow.xib; sourceTree = "<group>"; };
		A5089B14153D1A9900865F53 /* Geolocation.xcdatamodel */ = {isa = PBXFileReference; lastKnownFileType = wrapper.xcdatamodel; path = Geolocation.xcdatamodel; sourceTree = "<group>"; };
		A5089B1B153D1AB100865F53 /* RootViewController.h */ = {isa = PBXFileReference; fileEncoding = 4; lastKnownFileType = sourcecode.c.h; path = RootViewController.h; sourceTree = "<group>"; };
		A5089B1C153D1AB100865F53 /* RootViewController.m */ = {isa = PBXFileReference; fileEncoding = 4; lastKnownFileType = sourcecode.c.objc; path = RootViewController.m; sourceTree = "<group>"; };
		A50D22D5153E7E8800C5AA0D /* NewRecordViewController.h */ = {isa = PBXFileReference; fileEncoding = 4; lastKnownFileType = sourcecode.c.h; path = NewRecordViewController.h; sourceTree = "<group>"; };
		A50D22D6153E7E8800C5AA0D /* NewRecordViewController.m */ = {isa = PBXFileReference; fileEncoding = 4; lastKnownFileType = sourcecode.c.objc; path = NewRecordViewController.m; sourceTree = "<group>"; };
		A50D22DA153E80BF00C5AA0D /* NSString+Encode.h */ = {isa = PBXFileReference; fileEncoding = 4; lastKnownFileType = sourcecode.c.h; path = "NSString+Encode.h"; sourceTree = "<group>"; };
		A50D22DB153E80BF00C5AA0D /* NSString+Encode.m */ = {isa = PBXFileReference; fileEncoding = 4; lastKnownFileType = sourcecode.c.objc; path = "NSString+Encode.m"; sourceTree = "<group>"; };
		A50D22DD153E80EB00C5AA0D /* NewCoordinateViewController.h */ = {isa = PBXFileReference; fileEncoding = 4; lastKnownFileType = sourcecode.c.h; path = NewCoordinateViewController.h; sourceTree = "<group>"; };
		A50D22DE153E80EB00C5AA0D /* NewCoordinateViewController.m */ = {isa = PBXFileReference; fileEncoding = 4; lastKnownFileType = sourcecode.c.objc; path = NewCoordinateViewController.m; sourceTree = "<group>"; };
		A5163354153D1E3D00813C89 /* AllViewController.h */ = {isa = PBXFileReference; fileEncoding = 4; lastKnownFileType = sourcecode.c.h; path = AllViewController.h; sourceTree = "<group>"; };
		A5163355153D1E3E00813C89 /* AllViewController.m */ = {isa = PBXFileReference; fileEncoding = 4; lastKnownFileType = sourcecode.c.objc; path = AllViewController.m; sourceTree = "<group>"; };
		A5163358153D1E6E00813C89 /* FoodViewController.h */ = {isa = PBXFileReference; fileEncoding = 4; lastKnownFileType = sourcecode.c.h; path = FoodViewController.h; sourceTree = "<group>"; };
		A5163359153D1E6E00813C89 /* FoodViewController.m */ = {isa = PBXFileReference; fileEncoding = 4; lastKnownFileType = sourcecode.c.objc; path = FoodViewController.m; sourceTree = "<group>"; };
		A516335B153D1E9A00813C89 /* ShopViewController.h */ = {isa = PBXFileReference; fileEncoding = 4; lastKnownFileType = sourcecode.c.h; path = ShopViewController.h; sourceTree = "<group>"; };
		A516335C153D1E9A00813C89 /* ShopViewController.m */ = {isa = PBXFileReference; fileEncoding = 4; lastKnownFileType = sourcecode.c.objc; path = ShopViewController.m; sourceTree = "<group>"; };
		A516335E153D1EBC00813C89 /* SightseeingViewController.h */ = {isa = PBXFileReference; fileEncoding = 4; lastKnownFileType = sourcecode.c.h; path = SightseeingViewController.h; sourceTree = "<group>"; };
		A516335F153D1EBC00813C89 /* SightseeingViewController.m */ = {isa = PBXFileReference; fileEncoding = 4; lastKnownFileType = sourcecode.c.objc; path = SightseeingViewController.m; sourceTree = "<group>"; };
		A5163361153D1EDE00813C89 /* BarViewController.h */ = {isa = PBXFileReference; fileEncoding = 4; lastKnownFileType = sourcecode.c.h; path = BarViewController.h; sourceTree = "<group>"; };
		A5163362153D1EDE00813C89 /* BarViewController.m */ = {isa = PBXFileReference; fileEncoding = 4; lastKnownFileType = sourcecode.c.objc; path = BarViewController.m; sourceTree = "<group>"; };
		A5163365153D1FFB00813C89 /* icon-bar.png */ = {isa = PBXFileReference; lastKnownFileType = image.png; path = "icon-bar.png"; sourceTree = "<group>"; };
		A5163366153D1FFB00813C89 /* icon-food.png */ = {isa = PBXFileReference; lastKnownFileType = image.png; path = "icon-food.png"; sourceTree = "<group>"; };
		A5163367153D1FFB00813C89 /* icon-shop.png */ = {isa = PBXFileReference; lastKnownFileType = image.png; path = "icon-shop.png"; sourceTree = "<group>"; };
		A5163368153D1FFB00813C89 /* icon-sightseeing.png */ = {isa = PBXFileReference; lastKnownFileType = image.png; path = "icon-sightseeing.png"; sourceTree = "<group>"; };
		A5163369153D1FFB00813C89 /* juno.png */ = {isa = PBXFileReference; lastKnownFileType = image.png; path = juno.png; sourceTree = "<group>"; };
		A5163375153D263800813C89 /* DetailViewController.h */ = {isa = PBXFileReference; fileEncoding = 4; lastKnownFileType = sourcecode.c.h; path = DetailViewController.h; sourceTree = "<group>"; };
		A5163376153D263800813C89 /* DetailViewController.m */ = {isa = PBXFileReference; fileEncoding = 4; lastKnownFileType = sourcecode.c.objc; path = DetailViewController.m; sourceTree = "<group>"; };
		A5163390153D442800813C89 /* MapKit.framework */ = {isa = PBXFileReference; lastKnownFileType = wrapper.framework; name = MapKit.framework; path = System/Library/Frameworks/MapKit.framework; sourceTree = SDKROOT; };
		A5163392153D443300813C89 /* QuartzCore.framework */ = {isa = PBXFileReference; lastKnownFileType = wrapper.framework; name = QuartzCore.framework; path = System/Library/Frameworks/QuartzCore.framework; sourceTree = SDKROOT; };
		A5163394153D44AD00813C89 /* CoreLocation.framework */ = {isa = PBXFileReference; lastKnownFileType = wrapper.framework; name = CoreLocation.framework; path = System/Library/Frameworks/CoreLocation.framework; sourceTree = SDKROOT; };
		A5163396153D44F600813C89 /* CoreData.framework */ = {isa = PBXFileReference; lastKnownFileType = wrapper.framework; name = CoreData.framework; path = System/Library/Frameworks/CoreData.framework; sourceTree = SDKROOT; };
		A5163399153D471700813C89 /* GlobalData.h */ = {isa = PBXFileReference; fileEncoding = 4; lastKnownFileType = sourcecode.c.h; path = GlobalData.h; sourceTree = "<group>"; };
		A516339A153D471700813C89 /* GlobalData.m */ = {isa = PBXFileReference; fileEncoding = 4; lastKnownFileType = sourcecode.c.objc; path = GlobalData.m; sourceTree = "<group>"; };
		A516339D153D477200813C89 /* Records.h */ = {isa = PBXFileReference; fileEncoding = 4; lastKnownFileType = sourcecode.c.h; path = Records.h; sourceTree = "<group>"; };
		A516339E153D477200813C89 /* Records.m */ = {isa = PBXFileReference; fileEncoding = 4; lastKnownFileType = sourcecode.c.objc; path = Records.m; sourceTree = "<group>"; };
		A51633A1153D480700813C89 /* JSON.h */ = {isa = PBXFileReference; fileEncoding = 4; lastKnownFileType = sourcecode.c.h; path = JSON.h; sourceTree = "<group>"; };
		A51633A2153D480700813C89 /* NSObject+SBJSON.h */ = {isa = PBXFileReference; fileEncoding = 4; lastKnownFileType = sourcecode.c.h; path = "NSObject+SBJSON.h"; sourceTree = "<group>"; };
		A51633A3153D480700813C89 /* NSObject+SBJSON.m */ = {isa = PBXFileReference; fileEncoding = 4; lastKnownFileType = sourcecode.c.objc; path = "NSObject+SBJSON.m"; sourceTree = "<group>"; };
		A51633A4153D480700813C89 /* NSString+SBJSON.h */ = {isa = PBXFileReference; fileEncoding = 4; lastKnownFileType = sourcecode.c.h; path = "NSString+SBJSON.h"; sourceTree = "<group>"; };
		A51633A5153D480700813C89 /* NSString+SBJSON.m */ = {isa = PBXFileReference; fileEncoding = 4; lastKnownFileType = sourcecode.c.objc; path = "NSString+SBJSON.m"; sourceTree = "<group>"; };
		A51633A6153D480700813C89 /* SBJsonBase.h */ = {isa = PBXFileReference; fileEncoding = 4; lastKnownFileType = sourcecode.c.h; path = SBJsonBase.h; sourceTree = "<group>"; };
		A51633A7153D480700813C89 /* SBJsonBase.m */ = {isa = PBXFileReference; fileEncoding = 4; lastKnownFileType = sourcecode.c.objc; path = SBJsonBase.m; sourceTree = "<group>"; };
		A51633A8153D480700813C89 /* SBJsonParser.h */ = {isa = PBXFileReference; fileEncoding = 4; lastKnownFileType = sourcecode.c.h; path = SBJsonParser.h; sourceTree = "<group>"; };
		A51633A9153D480700813C89 /* SBJsonParser.m */ = {isa = PBXFileReference; fileEncoding = 4; lastKnownFileType = sourcecode.c.objc; path = SBJsonParser.m; sourceTree = "<group>"; };
		A51633AA153D480700813C89 /* SBJsonWriter.h */ = {isa = PBXFileReference; fileEncoding = 4; lastKnownFileType = sourcecode.c.h; path = SBJsonWriter.h; sourceTree = "<group>"; };
		A51633AB153D480700813C89 /* SBJsonWriter.m */ = {isa = PBXFileReference; fileEncoding = 4; lastKnownFileType = sourcecode.c.objc; path = SBJsonWriter.m; sourceTree = "<group>"; };
		A51633BA153D676800813C89 /* NVPolylineAnnotation.h */ = {isa = PBXFileReference; fileEncoding = 4; lastKnownFileType = sourcecode.c.h; path = NVPolylineAnnotation.h; sourceTree = "<group>"; };
		A51633BB153D676800813C89 /* NVPolylineAnnotation.m */ = {isa = PBXFileReference; fileEncoding = 4; lastKnownFileType = sourcecode.c.objc; path = NVPolylineAnnotation.m; sourceTree = "<group>"; };
		A51633BC153D676800813C89 /* NVPolylineAnnotationView.h */ = {isa = PBXFileReference; fileEncoding = 4; lastKnownFileType = sourcecode.c.h; path = NVPolylineAnnotationView.h; sourceTree = "<group>"; };
		A51633BD153D676800813C89 /* NVPolylineAnnotationView.m */ = {isa = PBXFileReference; fileEncoding = 4; lastKnownFileType = sourcecode.c.objc; path = NVPolylineAnnotationView.m; sourceTree = "<group>"; };
		A51633C0153D678000813C89 /* RouteViewController.h */ = {isa = PBXFileReference; fileEncoding = 4; lastKnownFileType = sourcecode.c.h; path = RouteViewController.h; sourceTree = "<group>"; };
		A51633C1153D678000813C89 /* RouteViewController.m */ = {isa = PBXFileReference; fileEncoding = 4; lastKnownFileType = sourcecode.c.objc; path = RouteViewController.m; sourceTree = "<group>"; };
		A51633C4153D681D00813C89 /* DDAnnotation.h */ = {isa = PBXFileReference; fileEncoding = 4; lastKnownFileType = sourcecode.c.h; path = DDAnnotation.h; sourceTree = "<group>"; };
		A51633C5153D681D00813C89 /* DDAnnotation.m */ = {isa = PBXFileReference; fileEncoding = 4; lastKnownFileType = sourcecode.c.objc; path = DDAnnotation.m; sourceTree = "<group>"; };
		A51633C6153D681D00813C89 /* DDAnnotationView.h */ = {isa = PBXFileReference; fileEncoding = 4; lastKnownFileType = sourcecode.c.h; path = DDAnnotationView.h; sourceTree = "<group>"; };
		A51633C7153D681D00813C89 /* DDAnnotationView.m */ = {isa = PBXFileReference; fileEncoding = 4; lastKnownFileType = sourcecode.c.objc; path = DDAnnotationView.m; sourceTree = "<group>"; };
		A51633D2153D733200813C89 /* FilterDistanceViewController.h */ = {isa = PBXFileReference; fileEncoding = 4; lastKnownFileType = sourcecode.c.h; path = FilterDistanceViewController.h; sourceTree = "<group>"; };
		A51633D3153D733200813C89 /* FilterDistanceViewController.m */ = {isa = PBXFileReference; fileEncoding = 4; lastKnownFileType = sourcecode.c.objc; path = FilterDistanceViewController.m; sourceTree = "<group>"; };
/* End PBXFileReference section */

/* Begin PBXFrameworksBuildPhase section */
		A5089AF5153D1A9900865F53 /* Frameworks */ = {
			isa = PBXFrameworksBuildPhase;
			buildActionMask = 2147483647;
			files = (
				A5163397153D44F600813C89 /* CoreData.framework in Frameworks */,
				A5163395153D44AD00813C89 /* CoreLocation.framework in Frameworks */,
				A5163393153D443400813C89 /* QuartzCore.framework in Frameworks */,
				A5163391153D442800813C89 /* MapKit.framework in Frameworks */,
				A5089AFD153D1A9900865F53 /* UIKit.framework in Frameworks */,
				A5089AFF153D1A9900865F53 /* Foundation.framework in Frameworks */,
				A5089B01153D1A9900865F53 /* CoreGraphics.framework in Frameworks */,
			);
			runOnlyForDeploymentPostprocessing = 0;
		};
/* End PBXFrameworksBuildPhase section */

/* Begin PBXGroup section */
		A5089AED153D1A9900865F53 = {
			isa = PBXGroup;
			children = (
				A5089B04153D1A9900865F53 /* Geolocation */,
				A5089AFB153D1A9900865F53 /* Frameworks */,
				A5089AF9153D1A9900865F53 /* Products */,
			);
			sourceTree = "<group>";
		};
		A5089AF9153D1A9900865F53 /* Products */ = {
			isa = PBXGroup;
			children = (
				A5089AF8153D1A9900865F53 /* Geolocation.app */,
			);
			name = Products;
			sourceTree = "<group>";
		};
		A5089AFB153D1A9900865F53 /* Frameworks */ = {
			isa = PBXGroup;
			children = (
				A5163396153D44F600813C89 /* CoreData.framework */,
				A5163394153D44AD00813C89 /* CoreLocation.framework */,
				A5163392153D443300813C89 /* QuartzCore.framework */,
				A5163390153D442800813C89 /* MapKit.framework */,
				A5089AFC153D1A9900865F53 /* UIKit.framework */,
				A5089AFE153D1A9900865F53 /* Foundation.framework */,
				A5089B00153D1A9900865F53 /* CoreGraphics.framework */,
				A5089B02153D1A9900865F53 /* CoreData.framework */,
			);
			name = Frameworks;
			sourceTree = "<group>";
		};
		A5089B04153D1A9900865F53 /* Geolocation */ = {
			isa = PBXGroup;
			children = (
				A50D22D9153E80BF00C5AA0D /* NSString+Encode */,
				A51633C3153D681C00813C89 /* DDAnnotation */,
				A51633B9153D676800813C89 /* NVPolyline */,
				A51633A0153D480700813C89 /* JSON */,
				A516339C153D477200813C89 /* Records */,
				A5163398153D471700813C89 /* GlobalData */,
				A5089B0D153D1A9900865F53 /* GeolocationAppDelegate.h */,
				A5089B0E153D1A9900865F53 /* GeolocationAppDelegate.m */,
				A5089B1B153D1AB100865F53 /* RootViewController.h */,
				A5089B1C153D1AB100865F53 /* RootViewController.m */,
				A5163354153D1E3D00813C89 /* AllViewController.h */,
				A5163355153D1E3E00813C89 /* AllViewController.m */,
				A5163358153D1E6E00813C89 /* FoodViewController.h */,
				A5163359153D1E6E00813C89 /* FoodViewController.m */,
				A516335B153D1E9A00813C89 /* ShopViewController.h */,
				A516335C153D1E9A00813C89 /* ShopViewController.m */,
				A516335E153D1EBC00813C89 /* SightseeingViewController.h */,
				A516335F153D1EBC00813C89 /* SightseeingViewController.m */,
				A5163361153D1EDE00813C89 /* BarViewController.h */,
				A5163362153D1EDE00813C89 /* BarViewController.m */,
				A5163375153D263800813C89 /* DetailViewController.h */,
				A5163376153D263800813C89 /* DetailViewController.m */,
				A51633C0153D678000813C89 /* RouteViewController.h */,
				A51633C1153D678000813C89 /* RouteViewController.m */,
				A51633D2153D733200813C89 /* FilterDistanceViewController.h */,
				A51633D3153D733200813C89 /* FilterDistanceViewController.m */,
				A50D22D5153E7E8800C5AA0D /* NewRecordViewController.h */,
				A50D22D6153E7E8800C5AA0D /* NewRecordViewController.m */,
				A50D22DD153E80EB00C5AA0D /* NewCoordinateViewController.h */,
				A50D22DE153E80EB00C5AA0D /* NewCoordinateViewController.m */,
				A5089B10153D1A9900865F53 /* MainWindow.xib */,
				A5089B13153D1A9900865F53 /* Geolocation.xcdatamodeld */,
				A5089B05153D1A9900865F53 /* Supporting Files */,
			);
			path = Geolocation;
			sourceTree = "<group>";
		};
		A5089B05153D1A9900865F53 /* Supporting Files */ = {
			isa = PBXGroup;
			children = (
				A5163364153D1FFB00813C89 /* images */,
				A5089B06153D1A9900865F53 /* Geolocation-Info.plist */,
				A5089B07153D1A9900865F53 /* InfoPlist.strings */,
				A5089B0A153D1A9900865F53 /* Geolocation-Prefix.pch */,
				A5089B0B153D1A9900865F53 /* main.m */,
			);
			name = "Supporting Files";
			sourceTree = "<group>";
		};
		A50D22D9153E80BF00C5AA0D /* NSString+Encode */ = {
			isa = PBXGroup;
			children = (
				A50D22DA153E80BF00C5AA0D /* NSString+Encode.h */,
				A50D22DB153E80BF00C5AA0D /* NSString+Encode.m */,
			);
			path = "NSString+Encode";
			sourceTree = "<group>";
		};
		A5163364153D1FFB00813C89 /* images */ = {
			isa = PBXGroup;
			children = (
				A5163365153D1FFB00813C89 /* icon-bar.png */,
				A5163366153D1FFB00813C89 /* icon-food.png */,
				A5163367153D1FFB00813C89 /* icon-shop.png */,
				A5163368153D1FFB00813C89 /* icon-sightseeing.png */,
				A5163369153D1FFB00813C89 /* juno.png */,
			);
			path = images;
			sourceTree = "<group>";
		};
		A5163398153D471700813C89 /* GlobalData */ = {
			isa = PBXGroup;
			children = (
				A5163399153D471700813C89 /* GlobalData.h */,
				A516339A153D471700813C89 /* GlobalData.m */,
			);
			path = GlobalData;
			sourceTree = "<group>";
		};
		A516339C153D477200813C89 /* Records */ = {
			isa = PBXGroup;
			children = (
				A516339D153D477200813C89 /* Records.h */,
				A516339E153D477200813C89 /* Records.m */,
			);
			path = Records;
			sourceTree = "<group>";
		};
		A51633A0153D480700813C89 /* JSON */ = {
			isa = PBXGroup;
			children = (
				A51633A1153D480700813C89 /* JSON.h */,
				A51633A2153D480700813C89 /* NSObject+SBJSON.h */,
				A51633A3153D480700813C89 /* NSObject+SBJSON.m */,
				A51633A4153D480700813C89 /* NSString+SBJSON.h */,
				A51633A5153D480700813C89 /* NSString+SBJSON.m */,
				A51633A6153D480700813C89 /* SBJsonBase.h */,
				A51633A7153D480700813C89 /* SBJsonBase.m */,
				A51633A8153D480700813C89 /* SBJsonParser.h */,
				A51633A9153D480700813C89 /* SBJsonParser.m */,
				A51633AA153D480700813C89 /* SBJsonWriter.h */,
				A51633AB153D480700813C89 /* SBJsonWriter.m */,
			);
			path = JSON;
			sourceTree = "<group>";
		};
		A51633B9153D676800813C89 /* NVPolyline */ = {
			isa = PBXGroup;
			children = (
				A51633BA153D676800813C89 /* NVPolylineAnnotation.h */,
				A51633BB153D676800813C89 /* NVPolylineAnnotation.m */,
				A51633BC153D676800813C89 /* NVPolylineAnnotationView.h */,
				A51633BD153D676800813C89 /* NVPolylineAnnotationView.m */,
			);
			path = NVPolyline;
			sourceTree = "<group>";
		};
		A51633C3153D681C00813C89 /* DDAnnotation */ = {
			isa = PBXGroup;
			children = (
				A51633C4153D681D00813C89 /* DDAnnotation.h */,
				A51633C5153D681D00813C89 /* DDAnnotation.m */,
				A51633C6153D681D00813C89 /* DDAnnotationView.h */,
				A51633C7153D681D00813C89 /* DDAnnotationView.m */,
			);
			path = DDAnnotation;
			sourceTree = "<group>";
		};
/* End PBXGroup section */

/* Begin PBXNativeTarget section */
		A5089AF7153D1A9900865F53 /* Geolocation */ = {
			isa = PBXNativeTarget;
			buildConfigurationList = A5089B18153D1A9900865F53 /* Build configuration list for PBXNativeTarget "Geolocation" */;
			buildPhases = (
				A5089AF4153D1A9900865F53 /* Sources */,
				A5089AF5153D1A9900865F53 /* Frameworks */,
				A5089AF6153D1A9900865F53 /* Resources */,
			);
			buildRules = (
			);
			dependencies = (
			);
			name = Geolocation;
			productName = Geolocation;
			productReference = A5089AF8153D1A9900865F53 /* Geolocation.app */;
			productType = "com.apple.product-type.application";
		};
/* End PBXNativeTarget section */

/* Begin PBXProject section */
		A5089AEF153D1A9900865F53 /* Project object */ = {
			isa = PBXProject;
			attributes = {
				ORGANIZATIONNAME = "NMG Resources, Inc.";
			};
			buildConfigurationList = A5089AF2153D1A9900865F53 /* Build configuration list for PBXProject "Geolocation" */;
			compatibilityVersion = "Xcode 3.2";
			developmentRegion = English;
			hasScannedForEncodings = 0;
			knownRegions = (
				en,
			);
			mainGroup = A5089AED153D1A9900865F53;
			productRefGroup = A5089AF9153D1A9900865F53 /* Products */;
			projectDirPath = "";
			projectRoot = "";
			targets = (
				A5089AF7153D1A9900865F53 /* Geolocation */,
			);
		};
/* End PBXProject section */

/* Begin PBXResourcesBuildPhase section */
		A5089AF6153D1A9900865F53 /* Resources */ = {
			isa = PBXResourcesBuildPhase;
			buildActionMask = 2147483647;
			files = (
				A5089B09153D1A9900865F53 /* InfoPlist.strings in Resources */,
				A5089B12153D1A9900865F53 /* MainWindow.xib in Resources */,
				A516336A153D1FFB00813C89 /* icon-bar.png in Resources */,
				A516336B153D1FFB00813C89 /* icon-food.png in Resources */,
				A516336C153D1FFB00813C89 /* icon-shop.png in Resources */,
				A516336D153D1FFB00813C89 /* icon-sightseeing.png in Resources */,
				A516336E153D1FFB00813C89 /* juno.png in Resources */,
			);
			runOnlyForDeploymentPostprocessing = 0;
		};
/* End PBXResourcesBuildPhase section */

/* Begin PBXSourcesBuildPhase section */
		A5089AF4153D1A9900865F53 /* Sources */ = {
			isa = PBXSourcesBuildPhase;
			buildActionMask = 2147483647;
			files = (
				A5089B0C153D1A9900865F53 /* main.m in Sources */,
				A5089B0F153D1A9900865F53 /* GeolocationAppDelegate.m in Sources */,
				A5089B15153D1A9900865F53 /* Geolocation.xcdatamodeld in Sources */,
				A5089B1D153D1AB100865F53 /* RootViewController.m in Sources */,
				A5163356153D1E3E00813C89 /* AllViewController.m in Sources */,
				A516335A153D1E6E00813C89 /* FoodViewController.m in Sources */,
				A516335D153D1E9A00813C89 /* ShopViewController.m in Sources */,
				A5163360153D1EBC00813C89 /* SightseeingViewController.m in Sources */,
				A5163363153D1EDE00813C89 /* BarViewController.m in Sources */,
				A5163377153D263800813C89 /* DetailViewController.m in Sources */,
				A516339B153D471700813C89 /* GlobalData.m in Sources */,
				A516339F153D477200813C89 /* Records.m in Sources */,
				A51633AC153D480700813C89 /* NSObject+SBJSON.m in Sources */,
				A51633AD153D480700813C89 /* NSString+SBJSON.m in Sources */,
				A51633AE153D480700813C89 /* SBJsonBase.m in Sources */,
				A51633AF153D480700813C89 /* SBJsonParser.m in Sources */,
				A51633B0153D480700813C89 /* SBJsonWriter.m in Sources */,
				A51633BE153D676800813C89 /* NVPolylineAnnotation.m in Sources */,
				A51633BF153D676800813C89 /* NVPolylineAnnotationView.m in Sources */,
				A51633C2153D678100813C89 /* RouteViewController.m in Sources */,
				A51633C8153D681D00813C89 /* DDAnnotation.m in Sources */,
				A51633C9153D681D00813C89 /* DDAnnotationView.m in Sources */,
				A51633D4153D733200813C89 /* FilterDistanceViewController.m in Sources */,
				A50D22D7153E7E8800C5AA0D /* NewRecordViewController.m in Sources */,
				A50D22DC153E80BF00C5AA0D /* NSString+Encode.m in Sources */,
				A50D22DF153E80EB00C5AA0D /* NewCoordinateViewController.m in Sources */,
			);
			runOnlyForDeploymentPostprocessing = 0;
		};
/* End PBXSourcesBuildPhase section */

/* Begin PBXVariantGroup section */
		A5089B07153D1A9900865F53 /* InfoPlist.strings */ = {
			isa = PBXVariantGroup;
			children = (
				A5089B08153D1A9900865F53 /* en */,
			);
			name = InfoPlist.strings;
			sourceTree = "<group>";
		};
		A5089B10153D1A9900865F53 /* MainWindow.xib */ = {
			isa = PBXVariantGroup;
			children = (
				A5089B11153D1A9900865F53 /* en */,
			);
			name = MainWindow.xib;
			sourceTree = "<group>";
		};
/* End PBXVariantGroup section */

/* Begin XCBuildConfiguration section */
		A5089B16153D1A9900865F53 /* Debug */ = {
			isa = XCBuildConfiguration;
			buildSettings = {
				ARCHS = "$(ARCHS_STANDARD_32_BIT)";
				"CODE_SIGN_IDENTITY[sdk=iphoneos*]" = "iPhone Developer";
				GCC_C_LANGUAGE_STANDARD = gnu99;
				GCC_OPTIMIZATION_LEVEL = 0;
				GCC_PREPROCESSOR_DEFINITIONS = DEBUG;
				GCC_SYMBOLS_PRIVATE_EXTERN = NO;
				GCC_VERSION = com.apple.compilers.llvmgcc42;
				GCC_WARN_ABOUT_RETURN_TYPE = YES;
				GCC_WARN_UNUSED_VARIABLE = YES;
				IPHONEOS_DEPLOYMENT_TARGET = 4.3;
				SDKROOT = iphoneos;
			};
			name = Debug;
		};
		A5089B17153D1A9900865F53 /* Release */ = {
			isa = XCBuildConfiguration;
			buildSettings = {
				ARCHS = "$(ARCHS_STANDARD_32_BIT)";
				"CODE_SIGN_IDENTITY[sdk=iphoneos*]" = "iPhone Developer";
				GCC_C_LANGUAGE_STANDARD = gnu99;
				GCC_VERSION = com.apple.compilers.llvmgcc42;
				GCC_WARN_ABOUT_RETURN_TYPE = YES;
				GCC_WARN_UNUSED_VARIABLE = YES;
				IPHONEOS_DEPLOYMENT_TARGET = 4.3;
				OTHER_CFLAGS = "-DNS_BLOCK_ASSERTIONS=1";
				SDKROOT = iphoneos;
			};
			name = Release;
		};
		A5089B19153D1A9900865F53 /* Debug */ = {
			isa = XCBuildConfiguration;
			buildSettings = {
				ALWAYS_SEARCH_USER_PATHS = NO;
				COPY_PHASE_STRIP = NO;
				GCC_DYNAMIC_NO_PIC = NO;
				GCC_PRECOMPILE_PREFIX_HEADER = YES;
				GCC_PREFIX_HEADER = "Geolocation/Geolocation-Prefix.pch";
				INFOPLIST_FILE = "Geolocation/Geolocation-Info.plist";
				PRODUCT_NAME = "$(TARGET_NAME)";
				WRAPPER_EXTENSION = app;
			};
			name = Debug;
		};
		A5089B1A153D1A9900865F53 /* Release */ = {
			isa = XCBuildConfiguration;
			buildSettings = {
				ALWAYS_SEARCH_USER_PATHS = NO;
				COPY_PHASE_STRIP = YES;
				GCC_PRECOMPILE_PREFIX_HEADER = YES;
				GCC_PREFIX_HEADER = "Geolocation/Geolocation-Prefix.pch";
				INFOPLIST_FILE = "Geolocation/Geolocation-Info.plist";
				PRODUCT_NAME = "$(TARGET_NAME)";
				VALIDATE_PRODUCT = YES;
				WRAPPER_EXTENSION = app;
			};
			name = Release;
		};
/* End XCBuildConfiguration section */

/* Begin XCConfigurationList section */
		A5089AF2153D1A9900865F53 /* Build configuration list for PBXProject "Geolocation" */ = {
			isa = XCConfigurationList;
			buildConfigurations = (
				A5089B16153D1A9900865F53 /* Debug */,
				A5089B17153D1A9900865F53 /* Release */,
			);
			defaultConfigurationIsVisible = 0;
			defaultConfigurationName = Release;
		};
		A5089B18153D1A9900865F53 /* Build configuration list for PBXNativeTarget "Geolocation" */ = {
			isa = XCConfigurationList;
			buildConfigurations = (
				A5089B19153D1A9900865F53 /* Debug */,
				A5089B1A153D1A9900865F53 /* Release */,
			);
			defaultConfigurationIsVisible = 0;
			defaultConfigurationName = Release;
		};
/* End XCConfigurationList section */

/* Begin XCVersionGroup section */
		A5089B13153D1A9900865F53 /* Geolocation.xcdatamodeld */ = {
			isa = XCVersionGroup;
			children = (
				A5089B14153D1A9900865F53 /* Geolocation.xcdatamodel */,
			);
			currentVersion = A5089B14153D1A9900865F53 /* Geolocation.xcdatamodel */;
			path = Geolocation.xcdatamodeld;
			sourceTree = "<group>";
			versionGroupType = wrapper.xcdatamodel;
		};
/* End XCVersionGroup section */
	};
	rootObject = A5089AEF153D1A9900865F53 /* Project object */;
}
